<?xml version="1.0" encoding="utf-8"?>
<Project ToolsVersion="4.0" xmlns="http://schemas.microsoft.com/developer/msbuild/2003">
  <ItemGroup>
    <Filter Include="Исходные файлы">
      <UniqueIdentifier>{4FC737F1-C7A5-4376-A066-2A32D752A2FF}</UniqueIdentifier>
      <Extensions>cpp;c;cc;cxx;def;odl;idl;hpj;bat;asm;asmx</Extensions>
    </Filter>
    <Filter Include="Файлы заголовков">
      <UniqueIdentifier>{93995380-89BD-4b04-88EB-625FBE52EBFB}</UniqueIdentifier>
      <Extensions>h;hh;hpp;hxx;hm;inl;inc;ipp;xsd</Extensions>
    </Filter>
    <Filter Include="Файлы ресурсов">
      <UniqueIdentifier>{67DA6AB6-F800-4c08-8B7A-83BB121AAD01}</UniqueIdentifier>
      <Extensions>rc;ico;cur;bmp;dlg;rc2;rct;bin;rgs;gif;jpg;jpeg;jpe;resx;tiff;tif;png;wav;mfcribbon-ms</Extensions>
    </Filter>
    <Filter Include="Исходные файлы\arm_lib">
      <UniqueIdentifier>{45bcca52-31f4-4fda-aac4-72efb001f590}</UniqueIdentifier>
    </Filter>
    <Filter Include="Исходные файлы\arm_lib\arm_lib_hal">
      <UniqueIdentifier>{e181a657-ff81-420c-9f99-f4f4dd92794e}</UniqueIdentifier>
    </Filter>
  </ItemGroup>
  <ItemGroup>
    <ClInclude Include="pch.h">
      <Filter>Файлы заголовков</Filter>
    </ClInclude>
    <ClInclude Include="..\random_array.h">
      <Filter>Файлы заголовков</Filter>
    </ClInclude>
    <ClInclude Include="..\rqueue.h">
      <Filter>Файлы заголовков</Filter>
    </ClInclude>
    <ClInclude Include="..\math_utils.h">
      <Filter>Файлы заголовков</Filter>
    </ClInclude>
    <ClInclude Include="..\token_iter_utils.h">
      <Filter>Файлы заголовков</Filter>
    </ClInclude>
    <ClInclude Include="..\buffer_utils.h">
      <Filter>Файлы заголовков</Filter>
    </ClInclude>
    <ClInclude Include="..\token_queue.h">
      <Filter>Файлы заголовков</Filter>
    </ClInclude>
    <ClInclude Include="..\petrinet.h">
      <Filter>Файлы заголовков</Filter>
    </ClInclude>
    <ClInclude Include="..\tuple.h">
      <Filter>Файлы заголовков</Filter>
    </ClInclude>
    <ClInclude Include="..\arm_lib\event_queue32.h">
      <Filter>Исходные файлы\arm_lib</Filter>
    </ClInclude>
    <ClInclude Include="..\arm_lib\atomic.h">
      <Filter>Исходные файлы\arm_lib</Filter>
    </ClInclude>
    <ClInclude Include="..\arm_lib\lib_incl.h">
      <Filter>Исходные файлы\arm_lib</Filter>
    </ClInclude>
    <ClInclude Include="..\arm_lib\math.h">
      <Filter>Исходные файлы\arm_lib</Filter>
    </ClInclude>
    <ClInclude Include="..\arm_lib\memory.h">
      <Filter>Исходные файлы\arm_lib</Filter>
    </ClInclude>
    <ClInclude Include="..\arm_lib\types.h">
      <Filter>Исходные файлы\arm_lib</Filter>
    </ClInclude>
    <ClInclude Include="..\arm_lib\arm_lib_hal\bits.h">
      <Filter>Исходные файлы\arm_lib\arm_lib_hal</Filter>
    </ClInclude>
    <ClInclude Include="..\arm_lib\arm_lib_hal\common.h">
      <Filter>Исходные файлы\arm_lib\arm_lib_hal</Filter>
    </ClInclude>
    <ClInclude Include="..\arm_lib\arm_lib_hal\common_hal.h">
      <Filter>Исходные файлы\arm_lib\arm_lib_hal</Filter>
    </ClInclude>
    <ClInclude Include="..\arm_lib\arm_lib_hal\lib_incl.h">
      <Filter>Исходные файлы\arm_lib\arm_lib_hal</Filter>
    </ClInclude>
    <ClInclude Include="..\arm_lib\arm_lib_hal\memory.h">
      <Filter>Исходные файлы\arm_lib\arm_lib_hal</Filter>
    </ClInclude>
    <ClInclude Include="..\timed_petrinet.h">
      <Filter>Файлы заголовков</Filter>
    </ClInclude>
    <ClInclude Include="..\include.h">
      <Filter>Исходные файлы</Filter>
    </ClInclude>
  </ItemGroup>
  <ItemGroup>
    <ClCompile Include="petrinet_lib_cpp.cpp">
      <Filter>Исходные файлы</Filter>
    </ClCompile>
    <ClCompile Include="pch.cpp">
      <Filter>Исходные файлы</Filter>
    </ClCompile>
    <ClCompile Include="..\arm_lib\arm_lib_hal\memory.c">
      <Filter>Исходные файлы</Filter>
    </ClCompile>
    <ClCompile Include="..\arm_lib\atomic.c">
      <Filter>Исходные файлы\arm_lib</Filter>
    </ClCompile>
  </ItemGroup>
</Project>