
Microsoft Visual Studio Solution File, Format Version 12.00
# Visual Studio 15
VisualStudioVersion = 15.0.27703.2026
MinimumVisualStudioVersion = 10.0.40219.1
Project("{EDCC3B85-0BAD-11DB-BC1A-00112FDE8B61}") = "CommonLib.Macros", "..\CommonLib.Macros\CommonLib.Macros.nproj", "{5E9CFDA7-975A-4EF5-A7E7-B638DF3D19F7}"
EndProject
Project("{EDCC3B85-0BAD-11DB-BC1A-00112FDE8B61}") = "PetriNetLib", "PetriNetLib.nproj", "{2EDFF5C5-D99F-4416-96E2-C5B4A4F18247}"
EndProject
Project("{EDCC3B85-0BAD-11DB-BC1A-00112FDE8B61}") = "TestParser", "..\TestParser\TestParser.nproj", "{B1416C2D-41F3-48FB-897C-DB60958423DF}"
EndProject
Project("{EDCC3B85-0BAD-11DB-BC1A-00112FDE8B61}") = "CpnParser", "CpnParser\CpnParser.nproj", "{5BD4C7C7-4CCE-4159-9ACB-C3F324431EF7}"
EndProject
Global
	GlobalSection(SolutionConfigurationPlatforms) = preSolution
		Debug|Any CPU = Debug|Any CPU
		LIBS|Any CPU = LIBS|Any CPU
		NViewer|Any CPU = NViewer|Any CPU
		OPC|Any CPU = OPC|Any CPU
		Release|Any CPU = Release|Any CPU
	EndGlobalSection
	GlobalSection(ProjectConfigurationPlatforms) = postSolution
		{5E9CFDA7-975A-4EF5-A7E7-B638DF3D19F7}.Debug|Any CPU.ActiveCfg = Debug|Any CPU
		{5E9CFDA7-975A-4EF5-A7E7-B638DF3D19F7}.Debug|Any CPU.Build.0 = Debug|Any CPU
		{5E9CFDA7-975A-4EF5-A7E7-B638DF3D19F7}.LIBS|Any CPU.ActiveCfg = LIBS|Any CPU
		{5E9CFDA7-975A-4EF5-A7E7-B638DF3D19F7}.LIBS|Any CPU.Build.0 = LIBS|Any CPU
		{5E9CFDA7-975A-4EF5-A7E7-B638DF3D19F7}.NViewer|Any CPU.ActiveCfg = NViewer|Any CPU
		{5E9CFDA7-975A-4EF5-A7E7-B638DF3D19F7}.NViewer|Any CPU.Build.0 = NViewer|Any CPU
		{5E9CFDA7-975A-4EF5-A7E7-B638DF3D19F7}.OPC|Any CPU.ActiveCfg = OPC|Any CPU
		{5E9CFDA7-975A-4EF5-A7E7-B638DF3D19F7}.OPC|Any CPU.Build.0 = OPC|Any CPU
		{5E9CFDA7-975A-4EF5-A7E7-B638DF3D19F7}.Release|Any CPU.ActiveCfg = Release|Any CPU
		{5E9CFDA7-975A-4EF5-A7E7-B638DF3D19F7}.Release|Any CPU.Build.0 = Release|Any CPU
		{2EDFF5C5-D99F-4416-96E2-C5B4A4F18247}.Debug|Any CPU.ActiveCfg = Debug|Any CPU
		{2EDFF5C5-D99F-4416-96E2-C5B4A4F18247}.Debug|Any CPU.Build.0 = Debug|Any CPU
		{2EDFF5C5-D99F-4416-96E2-C5B4A4F18247}.LIBS|Any CPU.ActiveCfg = Release|Any CPU
		{2EDFF5C5-D99F-4416-96E2-C5B4A4F18247}.LIBS|Any CPU.Build.0 = Release|Any CPU
		{2EDFF5C5-D99F-4416-96E2-C5B4A4F18247}.NViewer|Any CPU.ActiveCfg = Release|Any CPU
		{2EDFF5C5-D99F-4416-96E2-C5B4A4F18247}.NViewer|Any CPU.Build.0 = Release|Any CPU
		{2EDFF5C5-D99F-4416-96E2-C5B4A4F18247}.OPC|Any CPU.ActiveCfg = Release|Any CPU
		{2EDFF5C5-D99F-4416-96E2-C5B4A4F18247}.OPC|Any CPU.Build.0 = Release|Any CPU
		{2EDFF5C5-D99F-4416-96E2-C5B4A4F18247}.Release|Any CPU.ActiveCfg = Release|Any CPU
		{2EDFF5C5-D99F-4416-96E2-C5B4A4F18247}.Release|Any CPU.Build.0 = Release|Any CPU
		{B1416C2D-41F3-48FB-897C-DB60958423DF}.Debug|Any CPU.ActiveCfg = Debug|Any CPU
		{B1416C2D-41F3-48FB-897C-DB60958423DF}.Debug|Any CPU.Build.0 = Debug|Any CPU
		{B1416C2D-41F3-48FB-897C-DB60958423DF}.LIBS|Any CPU.ActiveCfg = Release|Any CPU
		{B1416C2D-41F3-48FB-897C-DB60958423DF}.LIBS|Any CPU.Build.0 = Release|Any CPU
		{B1416C2D-41F3-48FB-897C-DB60958423DF}.NViewer|Any CPU.ActiveCfg = Release|Any CPU
		{B1416C2D-41F3-48FB-897C-DB60958423DF}.NViewer|Any CPU.Build.0 = Release|Any CPU
		{B1416C2D-41F3-48FB-897C-DB60958423DF}.OPC|Any CPU.ActiveCfg = Release|Any CPU
		{B1416C2D-41F3-48FB-897C-DB60958423DF}.OPC|Any CPU.Build.0 = Release|Any CPU
		{B1416C2D-41F3-48FB-897C-DB60958423DF}.Release|Any CPU.ActiveCfg = Release|Any CPU
		{B1416C2D-41F3-48FB-897C-DB60958423DF}.Release|Any CPU.Build.0 = Release|Any CPU
		{5BD4C7C7-4CCE-4159-9ACB-C3F324431EF7}.Debug|Any CPU.ActiveCfg = Debug|Any CPU
		{5BD4C7C7-4CCE-4159-9ACB-C3F324431EF7}.Debug|Any CPU.Build.0 = Debug|Any CPU
		{5BD4C7C7-4CCE-4159-9ACB-C3F324431EF7}.LIBS|Any CPU.ActiveCfg = Release|Any CPU
		{5BD4C7C7-4CCE-4159-9ACB-C3F324431EF7}.LIBS|Any CPU.Build.0 = Release|Any CPU
		{5BD4C7C7-4CCE-4159-9ACB-C3F324431EF7}.NViewer|Any CPU.ActiveCfg = Release|Any CPU
		{5BD4C7C7-4CCE-4159-9ACB-C3F324431EF7}.NViewer|Any CPU.Build.0 = Release|Any CPU
		{5BD4C7C7-4CCE-4159-9ACB-C3F324431EF7}.OPC|Any CPU.ActiveCfg = Release|Any CPU
		{5BD4C7C7-4CCE-4159-9ACB-C3F324431EF7}.OPC|Any CPU.Build.0 = Release|Any CPU
		{5BD4C7C7-4CCE-4159-9ACB-C3F324431EF7}.Release|Any CPU.ActiveCfg = Release|Any CPU
		{5BD4C7C7-4CCE-4159-9ACB-C3F324431EF7}.Release|Any CPU.Build.0 = Release|Any CPU
	EndGlobalSection
	GlobalSection(SolutionProperties) = preSolution
		HideSolutionNode = FALSE
	EndGlobalSection
	GlobalSection(ExtensibilityGlobals) = postSolution
		SolutionGuid = {E0498C02-B0F6-44FB-83FF-18598E796C3A}
	EndGlobalSection
EndGlobal
