
Microsoft Visual Studio Solution File, Format Version 12.00
# Visual Studio 15
VisualStudioVersion = 15.0.27703.2026
MinimumVisualStudioVersion = 10.0.40219.1
Project("{EDCC3B85-0BAD-11DB-BC1A-00112FDE8B61}") = "CommonLib.Macros", "..\CommonLib.Macros\CommonLib.Macros.nproj", "{5E9CFDA7-975A-4EF5-A7E7-B638DF3D19F7}"
EndProject
Project("{EDCC3B85-0BAD-11DB-BC1A-00112FDE8B61}") = "PetriNetLib", "PetriNetLib.nproj", "{2EDFF5C5-D99F-4416-96E2-C5B4A4F18247}"
EndProject
Project("{EDCC3B85-0BAD-11DB-BC1A-00112FDE8B61}") = "DiningPhilosophers", "..\TestParser\DiningPhilosophers.nproj", "{B1416C2D-41F3-48FB-897C-DB60958423DF}"
EndProject
Project("{EDCC3B85-0BAD-11DB-BC1A-00112FDE8B61}") = "CpnParser", "CpnParser\CpnParser.nproj", "{5BD4C7C7-4CCE-4159-9ACB-C3F324431EF7}"
EndProject
Project("{EDCC3B85-0BAD-11DB-BC1A-00112FDE8B61}") = "PetriNetModel", "..\PetriNetModel\PetriNetModel.nproj", "{9756A67B-F1A6-4C59-A9A6-45492777B4AC}"
EndProject
Project("{EDCC3B85-0BAD-11DB-BC1A-00112FDE8B61}") = "PetriNetMacro", "..\PetriNetMacro\PetriNetMacro.nproj", "{FBC98ADB-2E81-4E65-AF74-4A6601BB4649}"
EndProject
Project("{EDCC3B85-0BAD-11DB-BC1A-00112FDE8B61}") = "CppParser", "..\CppParser\CppParser.nproj", "{F5786DC6-5865-42FF-8D7E-526FB753821F}"
EndProject
Project("{EDCC3B85-0BAD-11DB-BC1A-00112FDE8B61}") = "CppParserPrinter", "..\CppParserPrinter\CppParserPrinter.nproj", "{44DB92CA-F807-45AF-B498-9B87DDC761BD}"
EndProject
Project("{EDCC3B85-0BAD-11DB-BC1A-00112FDE8B61}") = "time_example1", "..\time_example1\time_example1.nproj", "{B16C2C19-8DA4-43C0-91C8-05F67FE9D151}"
EndProject
Global
	GlobalSection(SolutionConfigurationPlatforms) = preSolution
		Debug|Any CPU = Debug|Any CPU
		LIBS|Any CPU = LIBS|Any CPU
		NViewer|Any CPU = NViewer|Any CPU
		OPC|Any CPU = OPC|Any CPU
		Release|Any CPU = Release|Any CPU
	EndGlobalSection
	GlobalSection(ProjectConfigurationPlatforms) = postSolution
		{5E9CFDA7-975A-4EF5-A7E7-B638DF3D19F7}.Debug|Any CPU.ActiveCfg = Debug|Any CPU
		{5E9CFDA7-975A-4EF5-A7E7-B638DF3D19F7}.Debug|Any CPU.Build.0 = Debug|Any CPU
		{5E9CFDA7-975A-4EF5-A7E7-B638DF3D19F7}.LIBS|Any CPU.ActiveCfg = LIBS|Any CPU
		{5E9CFDA7-975A-4EF5-A7E7-B638DF3D19F7}.LIBS|Any CPU.Build.0 = LIBS|Any CPU
		{5E9CFDA7-975A-4EF5-A7E7-B638DF3D19F7}.NViewer|Any CPU.ActiveCfg = NViewer|Any CPU
		{5E9CFDA7-975A-4EF5-A7E7-B638DF3D19F7}.NViewer|Any CPU.Build.0 = NViewer|Any CPU
		{5E9CFDA7-975A-4EF5-A7E7-B638DF3D19F7}.OPC|Any CPU.ActiveCfg = OPC|Any CPU
		{5E9CFDA7-975A-4EF5-A7E7-B638DF3D19F7}.OPC|Any CPU.Build.0 = OPC|Any CPU
		{5E9CFDA7-975A-4EF5-A7E7-B638DF3D19F7}.Release|Any CPU.ActiveCfg = Release|Any CPU
		{5E9CFDA7-975A-4EF5-A7E7-B638DF3D19F7}.Release|Any CPU.Build.0 = Release|Any CPU
		{2EDFF5C5-D99F-4416-96E2-C5B4A4F18247}.Debug|Any CPU.ActiveCfg = Debug|Any CPU
		{2EDFF5C5-D99F-4416-96E2-C5B4A4F18247}.Debug|Any CPU.Build.0 = Debug|Any CPU
		{2EDFF5C5-D99F-4416-96E2-C5B4A4F18247}.LIBS|Any CPU.ActiveCfg = Release|Any CPU
		{2EDFF5C5-D99F-4416-96E2-C5B4A4F18247}.LIBS|Any CPU.Build.0 = Release|Any CPU
		{2EDFF5C5-D99F-4416-96E2-C5B4A4F18247}.NViewer|Any CPU.ActiveCfg = Release|Any CPU
		{2EDFF5C5-D99F-4416-96E2-C5B4A4F18247}.NViewer|Any CPU.Build.0 = Release|Any CPU
		{2EDFF5C5-D99F-4416-96E2-C5B4A4F18247}.OPC|Any CPU.ActiveCfg = Release|Any CPU
		{2EDFF5C5-D99F-4416-96E2-C5B4A4F18247}.OPC|Any CPU.Build.0 = Release|Any CPU
		{2EDFF5C5-D99F-4416-96E2-C5B4A4F18247}.Release|Any CPU.ActiveCfg = Release|Any CPU
		{2EDFF5C5-D99F-4416-96E2-C5B4A4F18247}.Release|Any CPU.Build.0 = Release|Any CPU
		{B1416C2D-41F3-48FB-897C-DB60958423DF}.Debug|Any CPU.ActiveCfg = Debug|Any CPU
		{B1416C2D-41F3-48FB-897C-DB60958423DF}.Debug|Any CPU.Build.0 = Debug|Any CPU
		{B1416C2D-41F3-48FB-897C-DB60958423DF}.LIBS|Any CPU.ActiveCfg = Release|Any CPU
		{B1416C2D-41F3-48FB-897C-DB60958423DF}.LIBS|Any CPU.Build.0 = Release|Any CPU
		{B1416C2D-41F3-48FB-897C-DB60958423DF}.NViewer|Any CPU.ActiveCfg = Release|Any CPU
		{B1416C2D-41F3-48FB-897C-DB60958423DF}.NViewer|Any CPU.Build.0 = Release|Any CPU
		{B1416C2D-41F3-48FB-897C-DB60958423DF}.OPC|Any CPU.ActiveCfg = Release|Any CPU
		{B1416C2D-41F3-48FB-897C-DB60958423DF}.OPC|Any CPU.Build.0 = Release|Any CPU
		{B1416C2D-41F3-48FB-897C-DB60958423DF}.Release|Any CPU.ActiveCfg = Release|Any CPU
		{B1416C2D-41F3-48FB-897C-DB60958423DF}.Release|Any CPU.Build.0 = Release|Any CPU
		{5BD4C7C7-4CCE-4159-9ACB-C3F324431EF7}.Debug|Any CPU.ActiveCfg = Debug|Any CPU
		{5BD4C7C7-4CCE-4159-9ACB-C3F324431EF7}.Debug|Any CPU.Build.0 = Debug|Any CPU
		{5BD4C7C7-4CCE-4159-9ACB-C3F324431EF7}.LIBS|Any CPU.ActiveCfg = Release|Any CPU
		{5BD4C7C7-4CCE-4159-9ACB-C3F324431EF7}.LIBS|Any CPU.Build.0 = Release|Any CPU
		{5BD4C7C7-4CCE-4159-9ACB-C3F324431EF7}.NViewer|Any CPU.ActiveCfg = Release|Any CPU
		{5BD4C7C7-4CCE-4159-9ACB-C3F324431EF7}.NViewer|Any CPU.Build.0 = Release|Any CPU
		{5BD4C7C7-4CCE-4159-9ACB-C3F324431EF7}.OPC|Any CPU.ActiveCfg = Release|Any CPU
		{5BD4C7C7-4CCE-4159-9ACB-C3F324431EF7}.OPC|Any CPU.Build.0 = Release|Any CPU
		{5BD4C7C7-4CCE-4159-9ACB-C3F324431EF7}.Release|Any CPU.ActiveCfg = Release|Any CPU
		{5BD4C7C7-4CCE-4159-9ACB-C3F324431EF7}.Release|Any CPU.Build.0 = Release|Any CPU
		{9756A67B-F1A6-4C59-A9A6-45492777B4AC}.Debug|Any CPU.ActiveCfg = Debug|Any CPU
		{9756A67B-F1A6-4C59-A9A6-45492777B4AC}.Debug|Any CPU.Build.0 = Debug|Any CPU
		{9756A67B-F1A6-4C59-A9A6-45492777B4AC}.LIBS|Any CPU.ActiveCfg = Release|Any CPU
		{9756A67B-F1A6-4C59-A9A6-45492777B4AC}.LIBS|Any CPU.Build.0 = Release|Any CPU
		{9756A67B-F1A6-4C59-A9A6-45492777B4AC}.NViewer|Any CPU.ActiveCfg = Release|Any CPU
		{9756A67B-F1A6-4C59-A9A6-45492777B4AC}.NViewer|Any CPU.Build.0 = Release|Any CPU
		{9756A67B-F1A6-4C59-A9A6-45492777B4AC}.OPC|Any CPU.ActiveCfg = Release|Any CPU
		{9756A67B-F1A6-4C59-A9A6-45492777B4AC}.OPC|Any CPU.Build.0 = Release|Any CPU
		{9756A67B-F1A6-4C59-A9A6-45492777B4AC}.Release|Any CPU.ActiveCfg = Release|Any CPU
		{9756A67B-F1A6-4C59-A9A6-45492777B4AC}.Release|Any CPU.Build.0 = Release|Any CPU
		{FBC98ADB-2E81-4E65-AF74-4A6601BB4649}.Debug|Any CPU.ActiveCfg = Debug|Any CPU
		{FBC98ADB-2E81-4E65-AF74-4A6601BB4649}.Debug|Any CPU.Build.0 = Debug|Any CPU
		{FBC98ADB-2E81-4E65-AF74-4A6601BB4649}.LIBS|Any CPU.ActiveCfg = Release|Any CPU
		{FBC98ADB-2E81-4E65-AF74-4A6601BB4649}.LIBS|Any CPU.Build.0 = Release|Any CPU
		{FBC98ADB-2E81-4E65-AF74-4A6601BB4649}.NViewer|Any CPU.ActiveCfg = Release|Any CPU
		{FBC98ADB-2E81-4E65-AF74-4A6601BB4649}.NViewer|Any CPU.Build.0 = Release|Any CPU
		{FBC98ADB-2E81-4E65-AF74-4A6601BB4649}.OPC|Any CPU.ActiveCfg = Release|Any CPU
		{FBC98ADB-2E81-4E65-AF74-4A6601BB4649}.OPC|Any CPU.Build.0 = Release|Any CPU
		{FBC98ADB-2E81-4E65-AF74-4A6601BB4649}.Release|Any CPU.ActiveCfg = Release|Any CPU
		{FBC98ADB-2E81-4E65-AF74-4A6601BB4649}.Release|Any CPU.Build.0 = Release|Any CPU
		{F5786DC6-5865-42FF-8D7E-526FB753821F}.Debug|Any CPU.ActiveCfg = Debug|Any CPU
		{F5786DC6-5865-42FF-8D7E-526FB753821F}.Debug|Any CPU.Build.0 = Debug|Any CPU
		{F5786DC6-5865-42FF-8D7E-526FB753821F}.LIBS|Any CPU.ActiveCfg = Release|Any CPU
		{F5786DC6-5865-42FF-8D7E-526FB753821F}.LIBS|Any CPU.Build.0 = Release|Any CPU
		{F5786DC6-5865-42FF-8D7E-526FB753821F}.NViewer|Any CPU.ActiveCfg = Release|Any CPU
		{F5786DC6-5865-42FF-8D7E-526FB753821F}.NViewer|Any CPU.Build.0 = Release|Any CPU
		{F5786DC6-5865-42FF-8D7E-526FB753821F}.OPC|Any CPU.ActiveCfg = Release|Any CPU
		{F5786DC6-5865-42FF-8D7E-526FB753821F}.OPC|Any CPU.Build.0 = Release|Any CPU
		{F5786DC6-5865-42FF-8D7E-526FB753821F}.Release|Any CPU.ActiveCfg = Release|Any CPU
		{F5786DC6-5865-42FF-8D7E-526FB753821F}.Release|Any CPU.Build.0 = Release|Any CPU
		{44DB92CA-F807-45AF-B498-9B87DDC761BD}.Debug|Any CPU.ActiveCfg = Debug|Any CPU
		{44DB92CA-F807-45AF-B498-9B87DDC761BD}.Debug|Any CPU.Build.0 = Debug|Any CPU
		{44DB92CA-F807-45AF-B498-9B87DDC761BD}.LIBS|Any CPU.ActiveCfg = Release|Any CPU
		{44DB92CA-F807-45AF-B498-9B87DDC761BD}.LIBS|Any CPU.Build.0 = Release|Any CPU
		{44DB92CA-F807-45AF-B498-9B87DDC761BD}.NViewer|Any CPU.ActiveCfg = Release|Any CPU
		{44DB92CA-F807-45AF-B498-9B87DDC761BD}.NViewer|Any CPU.Build.0 = Release|Any CPU
		{44DB92CA-F807-45AF-B498-9B87DDC761BD}.OPC|Any CPU.ActiveCfg = Release|Any CPU
		{44DB92CA-F807-45AF-B498-9B87DDC761BD}.OPC|Any CPU.Build.0 = Release|Any CPU
		{44DB92CA-F807-45AF-B498-9B87DDC761BD}.Release|Any CPU.ActiveCfg = Release|Any CPU
		{44DB92CA-F807-45AF-B498-9B87DDC761BD}.Release|Any CPU.Build.0 = Release|Any CPU
		{B16C2C19-8DA4-43C0-91C8-05F67FE9D151}.Debug|Any CPU.ActiveCfg = Debug|Any CPU
		{B16C2C19-8DA4-43C0-91C8-05F67FE9D151}.Debug|Any CPU.Build.0 = Debug|Any CPU
		{B16C2C19-8DA4-43C0-91C8-05F67FE9D151}.LIBS|Any CPU.ActiveCfg = Release|Any CPU
		{B16C2C19-8DA4-43C0-91C8-05F67FE9D151}.LIBS|Any CPU.Build.0 = Release|Any CPU
		{B16C2C19-8DA4-43C0-91C8-05F67FE9D151}.NViewer|Any CPU.ActiveCfg = Release|Any CPU
		{B16C2C19-8DA4-43C0-91C8-05F67FE9D151}.NViewer|Any CPU.Build.0 = Release|Any CPU
		{B16C2C19-8DA4-43C0-91C8-05F67FE9D151}.OPC|Any CPU.ActiveCfg = Release|Any CPU
		{B16C2C19-8DA4-43C0-91C8-05F67FE9D151}.OPC|Any CPU.Build.0 = Release|Any CPU
		{B16C2C19-8DA4-43C0-91C8-05F67FE9D151}.Release|Any CPU.ActiveCfg = Release|Any CPU
		{B16C2C19-8DA4-43C0-91C8-05F67FE9D151}.Release|Any CPU.Build.0 = Release|Any CPU
	EndGlobalSection
	GlobalSection(SolutionProperties) = preSolution
		HideSolutionNode = FALSE
	EndGlobalSection
	GlobalSection(ExtensibilityGlobals) = postSolution
		SolutionGuid = {E0498C02-B0F6-44FB-83FF-18598E796C3A}
	EndGlobalSection
EndGlobal
