
Microsoft Visual Studio Solution File, Format Version 12.00
# Visual Studio 15
VisualStudioVersion = 15.0.27703.2026
MinimumVisualStudioVersion = 10.0.40219.1
Project("{EDCC3B85-0BAD-11DB-BC1A-00112FDE8B61}") = "CommonLib.Macros", "..\CommonLib.Macros\CommonLib.Macros.nproj", "{5E9CFDA7-975A-4EF5-A7E7-B638DF3D19F7}"
EndProject
Project("{EDCC3B85-0BAD-11DB-BC1A-00112FDE8B61}") = "PetriNetLib", "PetriNetLib.nproj", "{2EDFF5C5-D99F-4416-96E2-C5B4A4F18247}"
EndProject
Project("{EDCC3B85-0BAD-11DB-BC1A-00112FDE8B61}") = "DiningPhilosophers", "..\TestParser\DiningPhilosophers.nproj", "{B1416C2D-41F3-48FB-897C-DB60958423DF}"
EndProject
Project("{EDCC3B85-0BAD-11DB-BC1A-00112FDE8B61}") = "CpnParser", "CpnParser\CpnParser.nproj", "{5BD4C7C7-4CCE-4159-9ACB-C3F324431EF7}"
EndProject
Project("{EDCC3B85-0BAD-11DB-BC1A-00112FDE8B61}") = "PetriNetModel", "..\PetriNetModel\PetriNetModel.nproj", "{9756A67B-F1A6-4C59-A9A6-45492777B4AC}"
EndProject
Project("{EDCC3B85-0BAD-11DB-BC1A-00112FDE8B61}") = "PetriNetMacro", "..\PetriNetMacro\PetriNetMacro.nproj", "{FBC98ADB-2E81-4E65-AF74-4A6601BB4649}"
EndProject
Project("{EDCC3B85-0BAD-11DB-BC1A-00112FDE8B61}") = "CppParser", "..\CppParser\CppParser.nproj", "{F5786DC6-5865-42FF-8D7E-526FB753821F}"
EndProject
Project("{EDCC3B85-0BAD-11DB-BC1A-00112FDE8B61}") = "CppParserPrinter", "..\CppParserPrinter\CppParserPrinter.nproj", "{44DB92CA-F807-45AF-B498-9B87DDC761BD}"
EndProject
Project("{EDCC3B85-0BAD-11DB-BC1A-00112FDE8B61}") = "time_example1", "..\time_example1\time_example1.nproj", "{B16C2C19-8DA4-43C0-91C8-05F67FE9D151}"
EndProject
Project("{EDCC3B85-0BAD-11DB-BC1A-00112FDE8B61}") = "TimeExampleTest", "..\TimeExampleTest\TimeExampleTest.nproj", "{13E67CA6-AB2B-47CB-AA79-6E855F606FC5}"
EndProject
Project("{EDCC3B85-0BAD-11DB-BC1A-00112FDE8B61}") = "CppMacro", "..\CppMacro\CppMacro.nproj", "{89ED5472-DD7B-4C4A-A9BE-59D2C5FD2ACF}"
EndProject
Project("{EDCC3B85-0BAD-11DB-BC1A-00112FDE8B61}") = "Elevator", "..\Elevator\Elevator.nproj", "{8A477047-9855-4DD7-BB7C-32937D429F09}"
EndProject
Project("{EDCC3B85-0BAD-11DB-BC1A-00112FDE8B61}") = "TestParser", "..\CppParser\test\TestParser\TestParser.nproj", "{EA33CC31-0D4B-4B78-9474-B008AAE5AAA8}"
EndProject
Project("{8BC9CEB8-8B4A-11D0-8D11-00A0C91BC942}") = "petrinet_lib_cpp", "..\petrinet_lib\petrinet_lib_cpp\petrinet_lib_cpp.vcxproj", "{D3E151A8-FAA2-4939-AB16-6BC11CC9443F}"
EndProject
Global
	GlobalSection(SolutionConfigurationPlatforms) = preSolution
		Debug|Any CPU = Debug|Any CPU
		Debug|x64 = Debug|x64
		Debug|x86 = Debug|x86
		LIBS|Any CPU = LIBS|Any CPU
		LIBS|x64 = LIBS|x64
		LIBS|x86 = LIBS|x86
		NViewer|Any CPU = NViewer|Any CPU
		NViewer|x64 = NViewer|x64
		NViewer|x86 = NViewer|x86
		OPC|Any CPU = OPC|Any CPU
		OPC|x64 = OPC|x64
		OPC|x86 = OPC|x86
		Release|Any CPU = Release|Any CPU
		Release|x64 = Release|x64
		Release|x86 = Release|x86
	EndGlobalSection
	GlobalSection(ProjectConfigurationPlatforms) = postSolution
		{5E9CFDA7-975A-4EF5-A7E7-B638DF3D19F7}.Debug|Any CPU.ActiveCfg = Debug|Any CPU
		{5E9CFDA7-975A-4EF5-A7E7-B638DF3D19F7}.Debug|Any CPU.Build.0 = Debug|Any CPU
		{5E9CFDA7-975A-4EF5-A7E7-B638DF3D19F7}.Debug|x64.ActiveCfg = Debug|Any CPU
		{5E9CFDA7-975A-4EF5-A7E7-B638DF3D19F7}.Debug|x64.Build.0 = Debug|Any CPU
		{5E9CFDA7-975A-4EF5-A7E7-B638DF3D19F7}.Debug|x86.ActiveCfg = Debug|Any CPU
		{5E9CFDA7-975A-4EF5-A7E7-B638DF3D19F7}.Debug|x86.Build.0 = Debug|Any CPU
		{5E9CFDA7-975A-4EF5-A7E7-B638DF3D19F7}.LIBS|Any CPU.ActiveCfg = LIBS|Any CPU
		{5E9CFDA7-975A-4EF5-A7E7-B638DF3D19F7}.LIBS|Any CPU.Build.0 = LIBS|Any CPU
		{5E9CFDA7-975A-4EF5-A7E7-B638DF3D19F7}.LIBS|x64.ActiveCfg = LIBS|Any CPU
		{5E9CFDA7-975A-4EF5-A7E7-B638DF3D19F7}.LIBS|x64.Build.0 = LIBS|Any CPU
		{5E9CFDA7-975A-4EF5-A7E7-B638DF3D19F7}.LIBS|x86.ActiveCfg = LIBS|Any CPU
		{5E9CFDA7-975A-4EF5-A7E7-B638DF3D19F7}.LIBS|x86.Build.0 = LIBS|Any CPU
		{5E9CFDA7-975A-4EF5-A7E7-B638DF3D19F7}.NViewer|Any CPU.ActiveCfg = NViewer|Any CPU
		{5E9CFDA7-975A-4EF5-A7E7-B638DF3D19F7}.NViewer|Any CPU.Build.0 = NViewer|Any CPU
		{5E9CFDA7-975A-4EF5-A7E7-B638DF3D19F7}.NViewer|x64.ActiveCfg = NViewer|Any CPU
		{5E9CFDA7-975A-4EF5-A7E7-B638DF3D19F7}.NViewer|x64.Build.0 = NViewer|Any CPU
		{5E9CFDA7-975A-4EF5-A7E7-B638DF3D19F7}.NViewer|x86.ActiveCfg = NViewer|Any CPU
		{5E9CFDA7-975A-4EF5-A7E7-B638DF3D19F7}.NViewer|x86.Build.0 = NViewer|Any CPU
		{5E9CFDA7-975A-4EF5-A7E7-B638DF3D19F7}.OPC|Any CPU.ActiveCfg = OPC|Any CPU
		{5E9CFDA7-975A-4EF5-A7E7-B638DF3D19F7}.OPC|Any CPU.Build.0 = OPC|Any CPU
		{5E9CFDA7-975A-4EF5-A7E7-B638DF3D19F7}.OPC|x64.ActiveCfg = OPC|Any CPU
		{5E9CFDA7-975A-4EF5-A7E7-B638DF3D19F7}.OPC|x64.Build.0 = OPC|Any CPU
		{5E9CFDA7-975A-4EF5-A7E7-B638DF3D19F7}.OPC|x86.ActiveCfg = OPC|Any CPU
		{5E9CFDA7-975A-4EF5-A7E7-B638DF3D19F7}.OPC|x86.Build.0 = OPC|Any CPU
		{5E9CFDA7-975A-4EF5-A7E7-B638DF3D19F7}.Release|Any CPU.ActiveCfg = Release|Any CPU
		{5E9CFDA7-975A-4EF5-A7E7-B638DF3D19F7}.Release|Any CPU.Build.0 = Release|Any CPU
		{5E9CFDA7-975A-4EF5-A7E7-B638DF3D19F7}.Release|x64.ActiveCfg = Release|Any CPU
		{5E9CFDA7-975A-4EF5-A7E7-B638DF3D19F7}.Release|x64.Build.0 = Release|Any CPU
		{5E9CFDA7-975A-4EF5-A7E7-B638DF3D19F7}.Release|x86.ActiveCfg = Release|Any CPU
		{5E9CFDA7-975A-4EF5-A7E7-B638DF3D19F7}.Release|x86.Build.0 = Release|Any CPU
		{2EDFF5C5-D99F-4416-96E2-C5B4A4F18247}.Debug|Any CPU.ActiveCfg = Debug|Any CPU
		{2EDFF5C5-D99F-4416-96E2-C5B4A4F18247}.Debug|Any CPU.Build.0 = Debug|Any CPU
		{2EDFF5C5-D99F-4416-96E2-C5B4A4F18247}.Debug|x64.ActiveCfg = Debug|Any CPU
		{2EDFF5C5-D99F-4416-96E2-C5B4A4F18247}.Debug|x64.Build.0 = Debug|Any CPU
		{2EDFF5C5-D99F-4416-96E2-C5B4A4F18247}.Debug|x86.ActiveCfg = Debug|Any CPU
		{2EDFF5C5-D99F-4416-96E2-C5B4A4F18247}.Debug|x86.Build.0 = Debug|Any CPU
		{2EDFF5C5-D99F-4416-96E2-C5B4A4F18247}.LIBS|Any CPU.ActiveCfg = Release|Any CPU
		{2EDFF5C5-D99F-4416-96E2-C5B4A4F18247}.LIBS|Any CPU.Build.0 = Release|Any CPU
		{2EDFF5C5-D99F-4416-96E2-C5B4A4F18247}.LIBS|x64.ActiveCfg = Release|Any CPU
		{2EDFF5C5-D99F-4416-96E2-C5B4A4F18247}.LIBS|x64.Build.0 = Release|Any CPU
		{2EDFF5C5-D99F-4416-96E2-C5B4A4F18247}.LIBS|x86.ActiveCfg = Release|Any CPU
		{2EDFF5C5-D99F-4416-96E2-C5B4A4F18247}.LIBS|x86.Build.0 = Release|Any CPU
		{2EDFF5C5-D99F-4416-96E2-C5B4A4F18247}.NViewer|Any CPU.ActiveCfg = Release|Any CPU
		{2EDFF5C5-D99F-4416-96E2-C5B4A4F18247}.NViewer|Any CPU.Build.0 = Release|Any CPU
		{2EDFF5C5-D99F-4416-96E2-C5B4A4F18247}.NViewer|x64.ActiveCfg = Release|Any CPU
		{2EDFF5C5-D99F-4416-96E2-C5B4A4F18247}.NViewer|x64.Build.0 = Release|Any CPU
		{2EDFF5C5-D99F-4416-96E2-C5B4A4F18247}.NViewer|x86.ActiveCfg = Release|Any CPU
		{2EDFF5C5-D99F-4416-96E2-C5B4A4F18247}.NViewer|x86.Build.0 = Release|Any CPU
		{2EDFF5C5-D99F-4416-96E2-C5B4A4F18247}.OPC|Any CPU.ActiveCfg = Release|Any CPU
		{2EDFF5C5-D99F-4416-96E2-C5B4A4F18247}.OPC|Any CPU.Build.0 = Release|Any CPU
		{2EDFF5C5-D99F-4416-96E2-C5B4A4F18247}.OPC|x64.ActiveCfg = Release|Any CPU
		{2EDFF5C5-D99F-4416-96E2-C5B4A4F18247}.OPC|x64.Build.0 = Release|Any CPU
		{2EDFF5C5-D99F-4416-96E2-C5B4A4F18247}.OPC|x86.ActiveCfg = Release|Any CPU
		{2EDFF5C5-D99F-4416-96E2-C5B4A4F18247}.OPC|x86.Build.0 = Release|Any CPU
		{2EDFF5C5-D99F-4416-96E2-C5B4A4F18247}.Release|Any CPU.ActiveCfg = Release|Any CPU
		{2EDFF5C5-D99F-4416-96E2-C5B4A4F18247}.Release|Any CPU.Build.0 = Release|Any CPU
		{2EDFF5C5-D99F-4416-96E2-C5B4A4F18247}.Release|x64.ActiveCfg = Release|Any CPU
		{2EDFF5C5-D99F-4416-96E2-C5B4A4F18247}.Release|x64.Build.0 = Release|Any CPU
		{2EDFF5C5-D99F-4416-96E2-C5B4A4F18247}.Release|x86.ActiveCfg = Release|Any CPU
		{2EDFF5C5-D99F-4416-96E2-C5B4A4F18247}.Release|x86.Build.0 = Release|Any CPU
		{B1416C2D-41F3-48FB-897C-DB60958423DF}.Debug|Any CPU.ActiveCfg = Debug|Any CPU
		{B1416C2D-41F3-48FB-897C-DB60958423DF}.Debug|Any CPU.Build.0 = Debug|Any CPU
		{B1416C2D-41F3-48FB-897C-DB60958423DF}.Debug|x64.ActiveCfg = Debug|Any CPU
		{B1416C2D-41F3-48FB-897C-DB60958423DF}.Debug|x64.Build.0 = Debug|Any CPU
		{B1416C2D-41F3-48FB-897C-DB60958423DF}.Debug|x86.ActiveCfg = Debug|Any CPU
		{B1416C2D-41F3-48FB-897C-DB60958423DF}.Debug|x86.Build.0 = Debug|Any CPU
		{B1416C2D-41F3-48FB-897C-DB60958423DF}.LIBS|Any CPU.ActiveCfg = Release|Any CPU
		{B1416C2D-41F3-48FB-897C-DB60958423DF}.LIBS|Any CPU.Build.0 = Release|Any CPU
		{B1416C2D-41F3-48FB-897C-DB60958423DF}.LIBS|x64.ActiveCfg = Release|Any CPU
		{B1416C2D-41F3-48FB-897C-DB60958423DF}.LIBS|x64.Build.0 = Release|Any CPU
		{B1416C2D-41F3-48FB-897C-DB60958423DF}.LIBS|x86.ActiveCfg = Release|Any CPU
		{B1416C2D-41F3-48FB-897C-DB60958423DF}.LIBS|x86.Build.0 = Release|Any CPU
		{B1416C2D-41F3-48FB-897C-DB60958423DF}.NViewer|Any CPU.ActiveCfg = Release|Any CPU
		{B1416C2D-41F3-48FB-897C-DB60958423DF}.NViewer|Any CPU.Build.0 = Release|Any CPU
		{B1416C2D-41F3-48FB-897C-DB60958423DF}.NViewer|x64.ActiveCfg = Release|Any CPU
		{B1416C2D-41F3-48FB-897C-DB60958423DF}.NViewer|x64.Build.0 = Release|Any CPU
		{B1416C2D-41F3-48FB-897C-DB60958423DF}.NViewer|x86.ActiveCfg = Release|Any CPU
		{B1416C2D-41F3-48FB-897C-DB60958423DF}.NViewer|x86.Build.0 = Release|Any CPU
		{B1416C2D-41F3-48FB-897C-DB60958423DF}.OPC|Any CPU.ActiveCfg = Release|Any CPU
		{B1416C2D-41F3-48FB-897C-DB60958423DF}.OPC|Any CPU.Build.0 = Release|Any CPU
		{B1416C2D-41F3-48FB-897C-DB60958423DF}.OPC|x64.ActiveCfg = Release|Any CPU
		{B1416C2D-41F3-48FB-897C-DB60958423DF}.OPC|x64.Build.0 = Release|Any CPU
		{B1416C2D-41F3-48FB-897C-DB60958423DF}.OPC|x86.ActiveCfg = Release|Any CPU
		{B1416C2D-41F3-48FB-897C-DB60958423DF}.OPC|x86.Build.0 = Release|Any CPU
		{B1416C2D-41F3-48FB-897C-DB60958423DF}.Release|Any CPU.ActiveCfg = Release|Any CPU
		{B1416C2D-41F3-48FB-897C-DB60958423DF}.Release|Any CPU.Build.0 = Release|Any CPU
		{B1416C2D-41F3-48FB-897C-DB60958423DF}.Release|x64.ActiveCfg = Release|Any CPU
		{B1416C2D-41F3-48FB-897C-DB60958423DF}.Release|x64.Build.0 = Release|Any CPU
		{B1416C2D-41F3-48FB-897C-DB60958423DF}.Release|x86.ActiveCfg = Release|Any CPU
		{B1416C2D-41F3-48FB-897C-DB60958423DF}.Release|x86.Build.0 = Release|Any CPU
		{5BD4C7C7-4CCE-4159-9ACB-C3F324431EF7}.Debug|Any CPU.ActiveCfg = Debug|Any CPU
		{5BD4C7C7-4CCE-4159-9ACB-C3F324431EF7}.Debug|Any CPU.Build.0 = Debug|Any CPU
		{5BD4C7C7-4CCE-4159-9ACB-C3F324431EF7}.Debug|x64.ActiveCfg = Debug|Any CPU
		{5BD4C7C7-4CCE-4159-9ACB-C3F324431EF7}.Debug|x64.Build.0 = Debug|Any CPU
		{5BD4C7C7-4CCE-4159-9ACB-C3F324431EF7}.Debug|x86.ActiveCfg = Debug|Any CPU
		{5BD4C7C7-4CCE-4159-9ACB-C3F324431EF7}.Debug|x86.Build.0 = Debug|Any CPU
		{5BD4C7C7-4CCE-4159-9ACB-C3F324431EF7}.LIBS|Any CPU.ActiveCfg = Release|Any CPU
		{5BD4C7C7-4CCE-4159-9ACB-C3F324431EF7}.LIBS|Any CPU.Build.0 = Release|Any CPU
		{5BD4C7C7-4CCE-4159-9ACB-C3F324431EF7}.LIBS|x64.ActiveCfg = Release|Any CPU
		{5BD4C7C7-4CCE-4159-9ACB-C3F324431EF7}.LIBS|x64.Build.0 = Release|Any CPU
		{5BD4C7C7-4CCE-4159-9ACB-C3F324431EF7}.LIBS|x86.ActiveCfg = Release|Any CPU
		{5BD4C7C7-4CCE-4159-9ACB-C3F324431EF7}.LIBS|x86.Build.0 = Release|Any CPU
		{5BD4C7C7-4CCE-4159-9ACB-C3F324431EF7}.NViewer|Any CPU.ActiveCfg = Release|Any CPU
		{5BD4C7C7-4CCE-4159-9ACB-C3F324431EF7}.NViewer|Any CPU.Build.0 = Release|Any CPU
		{5BD4C7C7-4CCE-4159-9ACB-C3F324431EF7}.NViewer|x64.ActiveCfg = Release|Any CPU
		{5BD4C7C7-4CCE-4159-9ACB-C3F324431EF7}.NViewer|x64.Build.0 = Release|Any CPU
		{5BD4C7C7-4CCE-4159-9ACB-C3F324431EF7}.NViewer|x86.ActiveCfg = Release|Any CPU
		{5BD4C7C7-4CCE-4159-9ACB-C3F324431EF7}.NViewer|x86.Build.0 = Release|Any CPU
		{5BD4C7C7-4CCE-4159-9ACB-C3F324431EF7}.OPC|Any CPU.ActiveCfg = Release|Any CPU
		{5BD4C7C7-4CCE-4159-9ACB-C3F324431EF7}.OPC|Any CPU.Build.0 = Release|Any CPU
		{5BD4C7C7-4CCE-4159-9ACB-C3F324431EF7}.OPC|x64.ActiveCfg = Release|Any CPU
		{5BD4C7C7-4CCE-4159-9ACB-C3F324431EF7}.OPC|x64.Build.0 = Release|Any CPU
		{5BD4C7C7-4CCE-4159-9ACB-C3F324431EF7}.OPC|x86.ActiveCfg = Release|Any CPU
		{5BD4C7C7-4CCE-4159-9ACB-C3F324431EF7}.OPC|x86.Build.0 = Release|Any CPU
		{5BD4C7C7-4CCE-4159-9ACB-C3F324431EF7}.Release|Any CPU.ActiveCfg = Release|Any CPU
		{5BD4C7C7-4CCE-4159-9ACB-C3F324431EF7}.Release|Any CPU.Build.0 = Release|Any CPU
		{5BD4C7C7-4CCE-4159-9ACB-C3F324431EF7}.Release|x64.ActiveCfg = Release|Any CPU
		{5BD4C7C7-4CCE-4159-9ACB-C3F324431EF7}.Release|x64.Build.0 = Release|Any CPU
		{5BD4C7C7-4CCE-4159-9ACB-C3F324431EF7}.Release|x86.ActiveCfg = Release|Any CPU
		{5BD4C7C7-4CCE-4159-9ACB-C3F324431EF7}.Release|x86.Build.0 = Release|Any CPU
		{9756A67B-F1A6-4C59-A9A6-45492777B4AC}.Debug|Any CPU.ActiveCfg = Debug|Any CPU
		{9756A67B-F1A6-4C59-A9A6-45492777B4AC}.Debug|Any CPU.Build.0 = Debug|Any CPU
		{9756A67B-F1A6-4C59-A9A6-45492777B4AC}.Debug|x64.ActiveCfg = Debug|Any CPU
		{9756A67B-F1A6-4C59-A9A6-45492777B4AC}.Debug|x64.Build.0 = Debug|Any CPU
		{9756A67B-F1A6-4C59-A9A6-45492777B4AC}.Debug|x86.ActiveCfg = Debug|Any CPU
		{9756A67B-F1A6-4C59-A9A6-45492777B4AC}.Debug|x86.Build.0 = Debug|Any CPU
		{9756A67B-F1A6-4C59-A9A6-45492777B4AC}.LIBS|Any CPU.ActiveCfg = Release|Any CPU
		{9756A67B-F1A6-4C59-A9A6-45492777B4AC}.LIBS|Any CPU.Build.0 = Release|Any CPU
		{9756A67B-F1A6-4C59-A9A6-45492777B4AC}.LIBS|x64.ActiveCfg = Release|Any CPU
		{9756A67B-F1A6-4C59-A9A6-45492777B4AC}.LIBS|x64.Build.0 = Release|Any CPU
		{9756A67B-F1A6-4C59-A9A6-45492777B4AC}.LIBS|x86.ActiveCfg = Release|Any CPU
		{9756A67B-F1A6-4C59-A9A6-45492777B4AC}.LIBS|x86.Build.0 = Release|Any CPU
		{9756A67B-F1A6-4C59-A9A6-45492777B4AC}.NViewer|Any CPU.ActiveCfg = Release|Any CPU
		{9756A67B-F1A6-4C59-A9A6-45492777B4AC}.NViewer|Any CPU.Build.0 = Release|Any CPU
		{9756A67B-F1A6-4C59-A9A6-45492777B4AC}.NViewer|x64.ActiveCfg = Release|Any CPU
		{9756A67B-F1A6-4C59-A9A6-45492777B4AC}.NViewer|x64.Build.0 = Release|Any CPU
		{9756A67B-F1A6-4C59-A9A6-45492777B4AC}.NViewer|x86.ActiveCfg = Release|Any CPU
		{9756A67B-F1A6-4C59-A9A6-45492777B4AC}.NViewer|x86.Build.0 = Release|Any CPU
		{9756A67B-F1A6-4C59-A9A6-45492777B4AC}.OPC|Any CPU.ActiveCfg = Release|Any CPU
		{9756A67B-F1A6-4C59-A9A6-45492777B4AC}.OPC|Any CPU.Build.0 = Release|Any CPU
		{9756A67B-F1A6-4C59-A9A6-45492777B4AC}.OPC|x64.ActiveCfg = Release|Any CPU
		{9756A67B-F1A6-4C59-A9A6-45492777B4AC}.OPC|x64.Build.0 = Release|Any CPU
		{9756A67B-F1A6-4C59-A9A6-45492777B4AC}.OPC|x86.ActiveCfg = Release|Any CPU
		{9756A67B-F1A6-4C59-A9A6-45492777B4AC}.OPC|x86.Build.0 = Release|Any CPU
		{9756A67B-F1A6-4C59-A9A6-45492777B4AC}.Release|Any CPU.ActiveCfg = Release|Any CPU
		{9756A67B-F1A6-4C59-A9A6-45492777B4AC}.Release|Any CPU.Build.0 = Release|Any CPU
		{9756A67B-F1A6-4C59-A9A6-45492777B4AC}.Release|x64.ActiveCfg = Release|Any CPU
		{9756A67B-F1A6-4C59-A9A6-45492777B4AC}.Release|x64.Build.0 = Release|Any CPU
		{9756A67B-F1A6-4C59-A9A6-45492777B4AC}.Release|x86.ActiveCfg = Release|Any CPU
		{9756A67B-F1A6-4C59-A9A6-45492777B4AC}.Release|x86.Build.0 = Release|Any CPU
		{FBC98ADB-2E81-4E65-AF74-4A6601BB4649}.Debug|Any CPU.ActiveCfg = Debug|Any CPU
		{FBC98ADB-2E81-4E65-AF74-4A6601BB4649}.Debug|Any CPU.Build.0 = Debug|Any CPU
		{FBC98ADB-2E81-4E65-AF74-4A6601BB4649}.Debug|x64.ActiveCfg = Debug|Any CPU
		{FBC98ADB-2E81-4E65-AF74-4A6601BB4649}.Debug|x64.Build.0 = Debug|Any CPU
		{FBC98ADB-2E81-4E65-AF74-4A6601BB4649}.Debug|x86.ActiveCfg = Debug|Any CPU
		{FBC98ADB-2E81-4E65-AF74-4A6601BB4649}.Debug|x86.Build.0 = Debug|Any CPU
		{FBC98ADB-2E81-4E65-AF74-4A6601BB4649}.LIBS|Any CPU.ActiveCfg = Release|Any CPU
		{FBC98ADB-2E81-4E65-AF74-4A6601BB4649}.LIBS|Any CPU.Build.0 = Release|Any CPU
		{FBC98ADB-2E81-4E65-AF74-4A6601BB4649}.LIBS|x64.ActiveCfg = Release|Any CPU
		{FBC98ADB-2E81-4E65-AF74-4A6601BB4649}.LIBS|x64.Build.0 = Release|Any CPU
		{FBC98ADB-2E81-4E65-AF74-4A6601BB4649}.LIBS|x86.ActiveCfg = Release|Any CPU
		{FBC98ADB-2E81-4E65-AF74-4A6601BB4649}.LIBS|x86.Build.0 = Release|Any CPU
		{FBC98ADB-2E81-4E65-AF74-4A6601BB4649}.NViewer|Any CPU.ActiveCfg = Release|Any CPU
		{FBC98ADB-2E81-4E65-AF74-4A6601BB4649}.NViewer|Any CPU.Build.0 = Release|Any CPU
		{FBC98ADB-2E81-4E65-AF74-4A6601BB4649}.NViewer|x64.ActiveCfg = Release|Any CPU
		{FBC98ADB-2E81-4E65-AF74-4A6601BB4649}.NViewer|x64.Build.0 = Release|Any CPU
		{FBC98ADB-2E81-4E65-AF74-4A6601BB4649}.NViewer|x86.ActiveCfg = Release|Any CPU
		{FBC98ADB-2E81-4E65-AF74-4A6601BB4649}.NViewer|x86.Build.0 = Release|Any CPU
		{FBC98ADB-2E81-4E65-AF74-4A6601BB4649}.OPC|Any CPU.ActiveCfg = Release|Any CPU
		{FBC98ADB-2E81-4E65-AF74-4A6601BB4649}.OPC|Any CPU.Build.0 = Release|Any CPU
		{FBC98ADB-2E81-4E65-AF74-4A6601BB4649}.OPC|x64.ActiveCfg = Release|Any CPU
		{FBC98ADB-2E81-4E65-AF74-4A6601BB4649}.OPC|x64.Build.0 = Release|Any CPU
		{FBC98ADB-2E81-4E65-AF74-4A6601BB4649}.OPC|x86.ActiveCfg = Release|Any CPU
		{FBC98ADB-2E81-4E65-AF74-4A6601BB4649}.OPC|x86.Build.0 = Release|Any CPU
		{FBC98ADB-2E81-4E65-AF74-4A6601BB4649}.Release|Any CPU.ActiveCfg = Release|Any CPU
		{FBC98ADB-2E81-4E65-AF74-4A6601BB4649}.Release|Any CPU.Build.0 = Release|Any CPU
		{FBC98ADB-2E81-4E65-AF74-4A6601BB4649}.Release|x64.ActiveCfg = Release|Any CPU
		{FBC98ADB-2E81-4E65-AF74-4A6601BB4649}.Release|x64.Build.0 = Release|Any CPU
		{FBC98ADB-2E81-4E65-AF74-4A6601BB4649}.Release|x86.ActiveCfg = Release|Any CPU
		{FBC98ADB-2E81-4E65-AF74-4A6601BB4649}.Release|x86.Build.0 = Release|Any CPU
		{F5786DC6-5865-42FF-8D7E-526FB753821F}.Debug|Any CPU.ActiveCfg = Debug|Any CPU
		{F5786DC6-5865-42FF-8D7E-526FB753821F}.Debug|Any CPU.Build.0 = Debug|Any CPU
		{F5786DC6-5865-42FF-8D7E-526FB753821F}.Debug|x64.ActiveCfg = Debug|Any CPU
		{F5786DC6-5865-42FF-8D7E-526FB753821F}.Debug|x64.Build.0 = Debug|Any CPU
		{F5786DC6-5865-42FF-8D7E-526FB753821F}.Debug|x86.ActiveCfg = Debug|Any CPU
		{F5786DC6-5865-42FF-8D7E-526FB753821F}.Debug|x86.Build.0 = Debug|Any CPU
		{F5786DC6-5865-42FF-8D7E-526FB753821F}.LIBS|Any CPU.ActiveCfg = Release|Any CPU
		{F5786DC6-5865-42FF-8D7E-526FB753821F}.LIBS|Any CPU.Build.0 = Release|Any CPU
		{F5786DC6-5865-42FF-8D7E-526FB753821F}.LIBS|x64.ActiveCfg = Release|Any CPU
		{F5786DC6-5865-42FF-8D7E-526FB753821F}.LIBS|x64.Build.0 = Release|Any CPU
		{F5786DC6-5865-42FF-8D7E-526FB753821F}.LIBS|x86.ActiveCfg = Release|Any CPU
		{F5786DC6-5865-42FF-8D7E-526FB753821F}.LIBS|x86.Build.0 = Release|Any CPU
		{F5786DC6-5865-42FF-8D7E-526FB753821F}.NViewer|Any CPU.ActiveCfg = Release|Any CPU
		{F5786DC6-5865-42FF-8D7E-526FB753821F}.NViewer|Any CPU.Build.0 = Release|Any CPU
		{F5786DC6-5865-42FF-8D7E-526FB753821F}.NViewer|x64.ActiveCfg = Release|Any CPU
		{F5786DC6-5865-42FF-8D7E-526FB753821F}.NViewer|x64.Build.0 = Release|Any CPU
		{F5786DC6-5865-42FF-8D7E-526FB753821F}.NViewer|x86.ActiveCfg = Release|Any CPU
		{F5786DC6-5865-42FF-8D7E-526FB753821F}.NViewer|x86.Build.0 = Release|Any CPU
		{F5786DC6-5865-42FF-8D7E-526FB753821F}.OPC|Any CPU.ActiveCfg = Release|Any CPU
		{F5786DC6-5865-42FF-8D7E-526FB753821F}.OPC|Any CPU.Build.0 = Release|Any CPU
		{F5786DC6-5865-42FF-8D7E-526FB753821F}.OPC|x64.ActiveCfg = Release|Any CPU
		{F5786DC6-5865-42FF-8D7E-526FB753821F}.OPC|x64.Build.0 = Release|Any CPU
		{F5786DC6-5865-42FF-8D7E-526FB753821F}.OPC|x86.ActiveCfg = Release|Any CPU
		{F5786DC6-5865-42FF-8D7E-526FB753821F}.OPC|x86.Build.0 = Release|Any CPU
		{F5786DC6-5865-42FF-8D7E-526FB753821F}.Release|Any CPU.ActiveCfg = Release|Any CPU
		{F5786DC6-5865-42FF-8D7E-526FB753821F}.Release|Any CPU.Build.0 = Release|Any CPU
		{F5786DC6-5865-42FF-8D7E-526FB753821F}.Release|x64.ActiveCfg = Release|Any CPU
		{F5786DC6-5865-42FF-8D7E-526FB753821F}.Release|x64.Build.0 = Release|Any CPU
		{F5786DC6-5865-42FF-8D7E-526FB753821F}.Release|x86.ActiveCfg = Release|Any CPU
		{F5786DC6-5865-42FF-8D7E-526FB753821F}.Release|x86.Build.0 = Release|Any CPU
		{44DB92CA-F807-45AF-B498-9B87DDC761BD}.Debug|Any CPU.ActiveCfg = Debug|Any CPU
		{44DB92CA-F807-45AF-B498-9B87DDC761BD}.Debug|Any CPU.Build.0 = Debug|Any CPU
		{44DB92CA-F807-45AF-B498-9B87DDC761BD}.Debug|x64.ActiveCfg = Debug|Any CPU
		{44DB92CA-F807-45AF-B498-9B87DDC761BD}.Debug|x64.Build.0 = Debug|Any CPU
		{44DB92CA-F807-45AF-B498-9B87DDC761BD}.Debug|x86.ActiveCfg = Debug|Any CPU
		{44DB92CA-F807-45AF-B498-9B87DDC761BD}.Debug|x86.Build.0 = Debug|Any CPU
		{44DB92CA-F807-45AF-B498-9B87DDC761BD}.LIBS|Any CPU.ActiveCfg = Release|Any CPU
		{44DB92CA-F807-45AF-B498-9B87DDC761BD}.LIBS|Any CPU.Build.0 = Release|Any CPU
		{44DB92CA-F807-45AF-B498-9B87DDC761BD}.LIBS|x64.ActiveCfg = Release|Any CPU
		{44DB92CA-F807-45AF-B498-9B87DDC761BD}.LIBS|x64.Build.0 = Release|Any CPU
		{44DB92CA-F807-45AF-B498-9B87DDC761BD}.LIBS|x86.ActiveCfg = Release|Any CPU
		{44DB92CA-F807-45AF-B498-9B87DDC761BD}.LIBS|x86.Build.0 = Release|Any CPU
		{44DB92CA-F807-45AF-B498-9B87DDC761BD}.NViewer|Any CPU.ActiveCfg = Release|Any CPU
		{44DB92CA-F807-45AF-B498-9B87DDC761BD}.NViewer|Any CPU.Build.0 = Release|Any CPU
		{44DB92CA-F807-45AF-B498-9B87DDC761BD}.NViewer|x64.ActiveCfg = Release|Any CPU
		{44DB92CA-F807-45AF-B498-9B87DDC761BD}.NViewer|x64.Build.0 = Release|Any CPU
		{44DB92CA-F807-45AF-B498-9B87DDC761BD}.NViewer|x86.ActiveCfg = Release|Any CPU
		{44DB92CA-F807-45AF-B498-9B87DDC761BD}.NViewer|x86.Build.0 = Release|Any CPU
		{44DB92CA-F807-45AF-B498-9B87DDC761BD}.OPC|Any CPU.ActiveCfg = Release|Any CPU
		{44DB92CA-F807-45AF-B498-9B87DDC761BD}.OPC|Any CPU.Build.0 = Release|Any CPU
		{44DB92CA-F807-45AF-B498-9B87DDC761BD}.OPC|x64.ActiveCfg = Release|Any CPU
		{44DB92CA-F807-45AF-B498-9B87DDC761BD}.OPC|x64.Build.0 = Release|Any CPU
		{44DB92CA-F807-45AF-B498-9B87DDC761BD}.OPC|x86.ActiveCfg = Release|Any CPU
		{44DB92CA-F807-45AF-B498-9B87DDC761BD}.OPC|x86.Build.0 = Release|Any CPU
		{44DB92CA-F807-45AF-B498-9B87DDC761BD}.Release|Any CPU.ActiveCfg = Release|Any CPU
		{44DB92CA-F807-45AF-B498-9B87DDC761BD}.Release|Any CPU.Build.0 = Release|Any CPU
		{44DB92CA-F807-45AF-B498-9B87DDC761BD}.Release|x64.ActiveCfg = Release|Any CPU
		{44DB92CA-F807-45AF-B498-9B87DDC761BD}.Release|x64.Build.0 = Release|Any CPU
		{44DB92CA-F807-45AF-B498-9B87DDC761BD}.Release|x86.ActiveCfg = Release|Any CPU
		{44DB92CA-F807-45AF-B498-9B87DDC761BD}.Release|x86.Build.0 = Release|Any CPU
		{B16C2C19-8DA4-43C0-91C8-05F67FE9D151}.Debug|Any CPU.ActiveCfg = Debug|Any CPU
		{B16C2C19-8DA4-43C0-91C8-05F67FE9D151}.Debug|Any CPU.Build.0 = Debug|Any CPU
		{B16C2C19-8DA4-43C0-91C8-05F67FE9D151}.Debug|x64.ActiveCfg = Debug|Any CPU
		{B16C2C19-8DA4-43C0-91C8-05F67FE9D151}.Debug|x64.Build.0 = Debug|Any CPU
		{B16C2C19-8DA4-43C0-91C8-05F67FE9D151}.Debug|x86.ActiveCfg = Debug|Any CPU
		{B16C2C19-8DA4-43C0-91C8-05F67FE9D151}.Debug|x86.Build.0 = Debug|Any CPU
		{B16C2C19-8DA4-43C0-91C8-05F67FE9D151}.LIBS|Any CPU.ActiveCfg = Release|Any CPU
		{B16C2C19-8DA4-43C0-91C8-05F67FE9D151}.LIBS|Any CPU.Build.0 = Release|Any CPU
		{B16C2C19-8DA4-43C0-91C8-05F67FE9D151}.LIBS|x64.ActiveCfg = Release|Any CPU
		{B16C2C19-8DA4-43C0-91C8-05F67FE9D151}.LIBS|x64.Build.0 = Release|Any CPU
		{B16C2C19-8DA4-43C0-91C8-05F67FE9D151}.LIBS|x86.ActiveCfg = Release|Any CPU
		{B16C2C19-8DA4-43C0-91C8-05F67FE9D151}.LIBS|x86.Build.0 = Release|Any CPU
		{B16C2C19-8DA4-43C0-91C8-05F67FE9D151}.NViewer|Any CPU.ActiveCfg = Release|Any CPU
		{B16C2C19-8DA4-43C0-91C8-05F67FE9D151}.NViewer|Any CPU.Build.0 = Release|Any CPU
		{B16C2C19-8DA4-43C0-91C8-05F67FE9D151}.NViewer|x64.ActiveCfg = Release|Any CPU
		{B16C2C19-8DA4-43C0-91C8-05F67FE9D151}.NViewer|x64.Build.0 = Release|Any CPU
		{B16C2C19-8DA4-43C0-91C8-05F67FE9D151}.NViewer|x86.ActiveCfg = Release|Any CPU
		{B16C2C19-8DA4-43C0-91C8-05F67FE9D151}.NViewer|x86.Build.0 = Release|Any CPU
		{B16C2C19-8DA4-43C0-91C8-05F67FE9D151}.OPC|Any CPU.ActiveCfg = Release|Any CPU
		{B16C2C19-8DA4-43C0-91C8-05F67FE9D151}.OPC|Any CPU.Build.0 = Release|Any CPU
		{B16C2C19-8DA4-43C0-91C8-05F67FE9D151}.OPC|x64.ActiveCfg = Release|Any CPU
		{B16C2C19-8DA4-43C0-91C8-05F67FE9D151}.OPC|x64.Build.0 = Release|Any CPU
		{B16C2C19-8DA4-43C0-91C8-05F67FE9D151}.OPC|x86.ActiveCfg = Release|Any CPU
		{B16C2C19-8DA4-43C0-91C8-05F67FE9D151}.OPC|x86.Build.0 = Release|Any CPU
		{B16C2C19-8DA4-43C0-91C8-05F67FE9D151}.Release|Any CPU.ActiveCfg = Release|Any CPU
		{B16C2C19-8DA4-43C0-91C8-05F67FE9D151}.Release|Any CPU.Build.0 = Release|Any CPU
		{B16C2C19-8DA4-43C0-91C8-05F67FE9D151}.Release|x64.ActiveCfg = Release|Any CPU
		{B16C2C19-8DA4-43C0-91C8-05F67FE9D151}.Release|x64.Build.0 = Release|Any CPU
		{B16C2C19-8DA4-43C0-91C8-05F67FE9D151}.Release|x86.ActiveCfg = Release|Any CPU
		{B16C2C19-8DA4-43C0-91C8-05F67FE9D151}.Release|x86.Build.0 = Release|Any CPU
		{13E67CA6-AB2B-47CB-AA79-6E855F606FC5}.Debug|Any CPU.ActiveCfg = Debug|Any CPU
		{13E67CA6-AB2B-47CB-AA79-6E855F606FC5}.Debug|Any CPU.Build.0 = Debug|Any CPU
		{13E67CA6-AB2B-47CB-AA79-6E855F606FC5}.Debug|x64.ActiveCfg = Debug|Any CPU
		{13E67CA6-AB2B-47CB-AA79-6E855F606FC5}.Debug|x64.Build.0 = Debug|Any CPU
		{13E67CA6-AB2B-47CB-AA79-6E855F606FC5}.Debug|x86.ActiveCfg = Debug|Any CPU
		{13E67CA6-AB2B-47CB-AA79-6E855F606FC5}.Debug|x86.Build.0 = Debug|Any CPU
		{13E67CA6-AB2B-47CB-AA79-6E855F606FC5}.LIBS|Any CPU.ActiveCfg = Release|Any CPU
		{13E67CA6-AB2B-47CB-AA79-6E855F606FC5}.LIBS|Any CPU.Build.0 = Release|Any CPU
		{13E67CA6-AB2B-47CB-AA79-6E855F606FC5}.LIBS|x64.ActiveCfg = Release|Any CPU
		{13E67CA6-AB2B-47CB-AA79-6E855F606FC5}.LIBS|x64.Build.0 = Release|Any CPU
		{13E67CA6-AB2B-47CB-AA79-6E855F606FC5}.LIBS|x86.ActiveCfg = Release|Any CPU
		{13E67CA6-AB2B-47CB-AA79-6E855F606FC5}.LIBS|x86.Build.0 = Release|Any CPU
		{13E67CA6-AB2B-47CB-AA79-6E855F606FC5}.NViewer|Any CPU.ActiveCfg = Release|Any CPU
		{13E67CA6-AB2B-47CB-AA79-6E855F606FC5}.NViewer|Any CPU.Build.0 = Release|Any CPU
		{13E67CA6-AB2B-47CB-AA79-6E855F606FC5}.NViewer|x64.ActiveCfg = Release|Any CPU
		{13E67CA6-AB2B-47CB-AA79-6E855F606FC5}.NViewer|x64.Build.0 = Release|Any CPU
		{13E67CA6-AB2B-47CB-AA79-6E855F606FC5}.NViewer|x86.ActiveCfg = Release|Any CPU
		{13E67CA6-AB2B-47CB-AA79-6E855F606FC5}.NViewer|x86.Build.0 = Release|Any CPU
		{13E67CA6-AB2B-47CB-AA79-6E855F606FC5}.OPC|Any CPU.ActiveCfg = Release|Any CPU
		{13E67CA6-AB2B-47CB-AA79-6E855F606FC5}.OPC|Any CPU.Build.0 = Release|Any CPU
		{13E67CA6-AB2B-47CB-AA79-6E855F606FC5}.OPC|x64.ActiveCfg = Release|Any CPU
		{13E67CA6-AB2B-47CB-AA79-6E855F606FC5}.OPC|x64.Build.0 = Release|Any CPU
		{13E67CA6-AB2B-47CB-AA79-6E855F606FC5}.OPC|x86.ActiveCfg = Release|Any CPU
		{13E67CA6-AB2B-47CB-AA79-6E855F606FC5}.OPC|x86.Build.0 = Release|Any CPU
		{13E67CA6-AB2B-47CB-AA79-6E855F606FC5}.Release|Any CPU.ActiveCfg = Release|Any CPU
		{13E67CA6-AB2B-47CB-AA79-6E855F606FC5}.Release|Any CPU.Build.0 = Release|Any CPU
		{13E67CA6-AB2B-47CB-AA79-6E855F606FC5}.Release|x64.ActiveCfg = Release|Any CPU
		{13E67CA6-AB2B-47CB-AA79-6E855F606FC5}.Release|x64.Build.0 = Release|Any CPU
		{13E67CA6-AB2B-47CB-AA79-6E855F606FC5}.Release|x86.ActiveCfg = Release|Any CPU
		{13E67CA6-AB2B-47CB-AA79-6E855F606FC5}.Release|x86.Build.0 = Release|Any CPU
		{89ED5472-DD7B-4C4A-A9BE-59D2C5FD2ACF}.Debug|Any CPU.ActiveCfg = Debug|Any CPU
		{89ED5472-DD7B-4C4A-A9BE-59D2C5FD2ACF}.Debug|Any CPU.Build.0 = Debug|Any CPU
		{89ED5472-DD7B-4C4A-A9BE-59D2C5FD2ACF}.Debug|x64.ActiveCfg = Debug|Any CPU
		{89ED5472-DD7B-4C4A-A9BE-59D2C5FD2ACF}.Debug|x64.Build.0 = Debug|Any CPU
		{89ED5472-DD7B-4C4A-A9BE-59D2C5FD2ACF}.Debug|x86.ActiveCfg = Debug|Any CPU
		{89ED5472-DD7B-4C4A-A9BE-59D2C5FD2ACF}.Debug|x86.Build.0 = Debug|Any CPU
		{89ED5472-DD7B-4C4A-A9BE-59D2C5FD2ACF}.LIBS|Any CPU.ActiveCfg = Release|Any CPU
		{89ED5472-DD7B-4C4A-A9BE-59D2C5FD2ACF}.LIBS|Any CPU.Build.0 = Release|Any CPU
		{89ED5472-DD7B-4C4A-A9BE-59D2C5FD2ACF}.LIBS|x64.ActiveCfg = Release|Any CPU
		{89ED5472-DD7B-4C4A-A9BE-59D2C5FD2ACF}.LIBS|x64.Build.0 = Release|Any CPU
		{89ED5472-DD7B-4C4A-A9BE-59D2C5FD2ACF}.LIBS|x86.ActiveCfg = Release|Any CPU
		{89ED5472-DD7B-4C4A-A9BE-59D2C5FD2ACF}.LIBS|x86.Build.0 = Release|Any CPU
		{89ED5472-DD7B-4C4A-A9BE-59D2C5FD2ACF}.NViewer|Any CPU.ActiveCfg = Release|Any CPU
		{89ED5472-DD7B-4C4A-A9BE-59D2C5FD2ACF}.NViewer|Any CPU.Build.0 = Release|Any CPU
		{89ED5472-DD7B-4C4A-A9BE-59D2C5FD2ACF}.NViewer|x64.ActiveCfg = Release|Any CPU
		{89ED5472-DD7B-4C4A-A9BE-59D2C5FD2ACF}.NViewer|x64.Build.0 = Release|Any CPU
		{89ED5472-DD7B-4C4A-A9BE-59D2C5FD2ACF}.NViewer|x86.ActiveCfg = Release|Any CPU
		{89ED5472-DD7B-4C4A-A9BE-59D2C5FD2ACF}.NViewer|x86.Build.0 = Release|Any CPU
		{89ED5472-DD7B-4C4A-A9BE-59D2C5FD2ACF}.OPC|Any CPU.ActiveCfg = Release|Any CPU
		{89ED5472-DD7B-4C4A-A9BE-59D2C5FD2ACF}.OPC|Any CPU.Build.0 = Release|Any CPU
		{89ED5472-DD7B-4C4A-A9BE-59D2C5FD2ACF}.OPC|x64.ActiveCfg = Release|Any CPU
		{89ED5472-DD7B-4C4A-A9BE-59D2C5FD2ACF}.OPC|x64.Build.0 = Release|Any CPU
		{89ED5472-DD7B-4C4A-A9BE-59D2C5FD2ACF}.OPC|x86.ActiveCfg = Release|Any CPU
		{89ED5472-DD7B-4C4A-A9BE-59D2C5FD2ACF}.OPC|x86.Build.0 = Release|Any CPU
		{89ED5472-DD7B-4C4A-A9BE-59D2C5FD2ACF}.Release|Any CPU.ActiveCfg = Release|Any CPU
		{89ED5472-DD7B-4C4A-A9BE-59D2C5FD2ACF}.Release|Any CPU.Build.0 = Release|Any CPU
		{89ED5472-DD7B-4C4A-A9BE-59D2C5FD2ACF}.Release|x64.ActiveCfg = Release|Any CPU
		{89ED5472-DD7B-4C4A-A9BE-59D2C5FD2ACF}.Release|x64.Build.0 = Release|Any CPU
		{89ED5472-DD7B-4C4A-A9BE-59D2C5FD2ACF}.Release|x86.ActiveCfg = Release|Any CPU
		{89ED5472-DD7B-4C4A-A9BE-59D2C5FD2ACF}.Release|x86.Build.0 = Release|Any CPU
		{8A477047-9855-4DD7-BB7C-32937D429F09}.Debug|Any CPU.ActiveCfg = Debug|Any CPU
		{8A477047-9855-4DD7-BB7C-32937D429F09}.Debug|Any CPU.Build.0 = Debug|Any CPU
		{8A477047-9855-4DD7-BB7C-32937D429F09}.Debug|x64.ActiveCfg = Debug|Any CPU
		{8A477047-9855-4DD7-BB7C-32937D429F09}.Debug|x64.Build.0 = Debug|Any CPU
		{8A477047-9855-4DD7-BB7C-32937D429F09}.Debug|x86.ActiveCfg = Debug|Any CPU
		{8A477047-9855-4DD7-BB7C-32937D429F09}.Debug|x86.Build.0 = Debug|Any CPU
		{8A477047-9855-4DD7-BB7C-32937D429F09}.LIBS|Any CPU.ActiveCfg = Release|Any CPU
		{8A477047-9855-4DD7-BB7C-32937D429F09}.LIBS|Any CPU.Build.0 = Release|Any CPU
		{8A477047-9855-4DD7-BB7C-32937D429F09}.LIBS|x64.ActiveCfg = Release|Any CPU
		{8A477047-9855-4DD7-BB7C-32937D429F09}.LIBS|x64.Build.0 = Release|Any CPU
		{8A477047-9855-4DD7-BB7C-32937D429F09}.LIBS|x86.ActiveCfg = Release|Any CPU
		{8A477047-9855-4DD7-BB7C-32937D429F09}.LIBS|x86.Build.0 = Release|Any CPU
		{8A477047-9855-4DD7-BB7C-32937D429F09}.NViewer|Any CPU.ActiveCfg = Release|Any CPU
		{8A477047-9855-4DD7-BB7C-32937D429F09}.NViewer|Any CPU.Build.0 = Release|Any CPU
		{8A477047-9855-4DD7-BB7C-32937D429F09}.NViewer|x64.ActiveCfg = Release|Any CPU
		{8A477047-9855-4DD7-BB7C-32937D429F09}.NViewer|x64.Build.0 = Release|Any CPU
		{8A477047-9855-4DD7-BB7C-32937D429F09}.NViewer|x86.ActiveCfg = Release|Any CPU
		{8A477047-9855-4DD7-BB7C-32937D429F09}.NViewer|x86.Build.0 = Release|Any CPU
		{8A477047-9855-4DD7-BB7C-32937D429F09}.OPC|Any CPU.ActiveCfg = Release|Any CPU
		{8A477047-9855-4DD7-BB7C-32937D429F09}.OPC|Any CPU.Build.0 = Release|Any CPU
		{8A477047-9855-4DD7-BB7C-32937D429F09}.OPC|x64.ActiveCfg = Release|Any CPU
		{8A477047-9855-4DD7-BB7C-32937D429F09}.OPC|x64.Build.0 = Release|Any CPU
		{8A477047-9855-4DD7-BB7C-32937D429F09}.OPC|x86.ActiveCfg = Release|Any CPU
		{8A477047-9855-4DD7-BB7C-32937D429F09}.OPC|x86.Build.0 = Release|Any CPU
		{8A477047-9855-4DD7-BB7C-32937D429F09}.Release|Any CPU.ActiveCfg = Release|Any CPU
		{8A477047-9855-4DD7-BB7C-32937D429F09}.Release|Any CPU.Build.0 = Release|Any CPU
		{8A477047-9855-4DD7-BB7C-32937D429F09}.Release|x64.ActiveCfg = Release|Any CPU
		{8A477047-9855-4DD7-BB7C-32937D429F09}.Release|x64.Build.0 = Release|Any CPU
		{8A477047-9855-4DD7-BB7C-32937D429F09}.Release|x86.ActiveCfg = Release|Any CPU
		{8A477047-9855-4DD7-BB7C-32937D429F09}.Release|x86.Build.0 = Release|Any CPU
		{EA33CC31-0D4B-4B78-9474-B008AAE5AAA8}.Debug|Any CPU.ActiveCfg = Debug|Any CPU
		{EA33CC31-0D4B-4B78-9474-B008AAE5AAA8}.Debug|Any CPU.Build.0 = Debug|Any CPU
		{EA33CC31-0D4B-4B78-9474-B008AAE5AAA8}.Debug|x64.ActiveCfg = Debug|Any CPU
		{EA33CC31-0D4B-4B78-9474-B008AAE5AAA8}.Debug|x64.Build.0 = Debug|Any CPU
		{EA33CC31-0D4B-4B78-9474-B008AAE5AAA8}.Debug|x86.ActiveCfg = Debug|Any CPU
		{EA33CC31-0D4B-4B78-9474-B008AAE5AAA8}.Debug|x86.Build.0 = Debug|Any CPU
		{EA33CC31-0D4B-4B78-9474-B008AAE5AAA8}.LIBS|Any CPU.ActiveCfg = Release|Any CPU
		{EA33CC31-0D4B-4B78-9474-B008AAE5AAA8}.LIBS|Any CPU.Build.0 = Release|Any CPU
		{EA33CC31-0D4B-4B78-9474-B008AAE5AAA8}.LIBS|x64.ActiveCfg = Release|Any CPU
		{EA33CC31-0D4B-4B78-9474-B008AAE5AAA8}.LIBS|x64.Build.0 = Release|Any CPU
		{EA33CC31-0D4B-4B78-9474-B008AAE5AAA8}.LIBS|x86.ActiveCfg = Release|Any CPU
		{EA33CC31-0D4B-4B78-9474-B008AAE5AAA8}.LIBS|x86.Build.0 = Release|Any CPU
		{EA33CC31-0D4B-4B78-9474-B008AAE5AAA8}.NViewer|Any CPU.ActiveCfg = Release|Any CPU
		{EA33CC31-0D4B-4B78-9474-B008AAE5AAA8}.NViewer|Any CPU.Build.0 = Release|Any CPU
		{EA33CC31-0D4B-4B78-9474-B008AAE5AAA8}.NViewer|x64.ActiveCfg = Release|Any CPU
		{EA33CC31-0D4B-4B78-9474-B008AAE5AAA8}.NViewer|x64.Build.0 = Release|Any CPU
		{EA33CC31-0D4B-4B78-9474-B008AAE5AAA8}.NViewer|x86.ActiveCfg = Release|Any CPU
		{EA33CC31-0D4B-4B78-9474-B008AAE5AAA8}.NViewer|x86.Build.0 = Release|Any CPU
		{EA33CC31-0D4B-4B78-9474-B008AAE5AAA8}.OPC|Any CPU.ActiveCfg = Release|Any CPU
		{EA33CC31-0D4B-4B78-9474-B008AAE5AAA8}.OPC|Any CPU.Build.0 = Release|Any CPU
		{EA33CC31-0D4B-4B78-9474-B008AAE5AAA8}.OPC|x64.ActiveCfg = Release|Any CPU
		{EA33CC31-0D4B-4B78-9474-B008AAE5AAA8}.OPC|x64.Build.0 = Release|Any CPU
		{EA33CC31-0D4B-4B78-9474-B008AAE5AAA8}.OPC|x86.ActiveCfg = Release|Any CPU
		{EA33CC31-0D4B-4B78-9474-B008AAE5AAA8}.OPC|x86.Build.0 = Release|Any CPU
		{EA33CC31-0D4B-4B78-9474-B008AAE5AAA8}.Release|Any CPU.ActiveCfg = Release|Any CPU
		{EA33CC31-0D4B-4B78-9474-B008AAE5AAA8}.Release|Any CPU.Build.0 = Release|Any CPU
		{EA33CC31-0D4B-4B78-9474-B008AAE5AAA8}.Release|x64.ActiveCfg = Release|Any CPU
		{EA33CC31-0D4B-4B78-9474-B008AAE5AAA8}.Release|x64.Build.0 = Release|Any CPU
		{EA33CC31-0D4B-4B78-9474-B008AAE5AAA8}.Release|x86.ActiveCfg = Release|Any CPU
		{EA33CC31-0D4B-4B78-9474-B008AAE5AAA8}.Release|x86.Build.0 = Release|Any CPU
		{D3E151A8-FAA2-4939-AB16-6BC11CC9443F}.Debug|Any CPU.ActiveCfg = Debug|Win32
		{D3E151A8-FAA2-4939-AB16-6BC11CC9443F}.Debug|x64.ActiveCfg = Debug|x64
		{D3E151A8-FAA2-4939-AB16-6BC11CC9443F}.Debug|x64.Build.0 = Debug|x64
		{D3E151A8-FAA2-4939-AB16-6BC11CC9443F}.Debug|x86.ActiveCfg = Debug|Win32
		{D3E151A8-FAA2-4939-AB16-6BC11CC9443F}.Debug|x86.Build.0 = Debug|Win32
		{D3E151A8-FAA2-4939-AB16-6BC11CC9443F}.LIBS|Any CPU.ActiveCfg = Release|x64
		{D3E151A8-FAA2-4939-AB16-6BC11CC9443F}.LIBS|Any CPU.Build.0 = Release|x64
		{D3E151A8-FAA2-4939-AB16-6BC11CC9443F}.LIBS|x64.ActiveCfg = Release|x64
		{D3E151A8-FAA2-4939-AB16-6BC11CC9443F}.LIBS|x64.Build.0 = Release|x64
		{D3E151A8-FAA2-4939-AB16-6BC11CC9443F}.LIBS|x86.ActiveCfg = Release|Win32
		{D3E151A8-FAA2-4939-AB16-6BC11CC9443F}.LIBS|x86.Build.0 = Release|Win32
		{D3E151A8-FAA2-4939-AB16-6BC11CC9443F}.NViewer|Any CPU.ActiveCfg = Release|x64
		{D3E151A8-FAA2-4939-AB16-6BC11CC9443F}.NViewer|Any CPU.Build.0 = Release|x64
		{D3E151A8-FAA2-4939-AB16-6BC11CC9443F}.NViewer|x64.ActiveCfg = Release|x64
		{D3E151A8-FAA2-4939-AB16-6BC11CC9443F}.NViewer|x64.Build.0 = Release|x64
		{D3E151A8-FAA2-4939-AB16-6BC11CC9443F}.NViewer|x86.ActiveCfg = Release|Win32
		{D3E151A8-FAA2-4939-AB16-6BC11CC9443F}.NViewer|x86.Build.0 = Release|Win32
		{D3E151A8-FAA2-4939-AB16-6BC11CC9443F}.OPC|Any CPU.ActiveCfg = Release|x64
		{D3E151A8-FAA2-4939-AB16-6BC11CC9443F}.OPC|Any CPU.Build.0 = Release|x64
		{D3E151A8-FAA2-4939-AB16-6BC11CC9443F}.OPC|x64.ActiveCfg = Release|x64
		{D3E151A8-FAA2-4939-AB16-6BC11CC9443F}.OPC|x64.Build.0 = Release|x64
		{D3E151A8-FAA2-4939-AB16-6BC11CC9443F}.OPC|x86.ActiveCfg = Release|Win32
		{D3E151A8-FAA2-4939-AB16-6BC11CC9443F}.OPC|x86.Build.0 = Release|Win32
		{D3E151A8-FAA2-4939-AB16-6BC11CC9443F}.Release|Any CPU.ActiveCfg = Release|Win32
		{D3E151A8-FAA2-4939-AB16-6BC11CC9443F}.Release|x64.ActiveCfg = Release|x64
		{D3E151A8-FAA2-4939-AB16-6BC11CC9443F}.Release|x64.Build.0 = Release|x64
		{D3E151A8-FAA2-4939-AB16-6BC11CC9443F}.Release|x86.ActiveCfg = Release|Win32
		{D3E151A8-FAA2-4939-AB16-6BC11CC9443F}.Release|x86.Build.0 = Release|Win32
	EndGlobalSection
	GlobalSection(SolutionProperties) = preSolution
		HideSolutionNode = FALSE
	EndGlobalSection
	GlobalSection(ExtensibilityGlobals) = postSolution
		SolutionGuid = {E0498C02-B0F6-44FB-83FF-18598E796C3A}
	EndGlobalSection
EndGlobal
